
Microsoft Visual Studio Solution File, Format Version 9.00
# Visual Studio 2005
Project("{D183A3D8-5FD8-494B-B014-37F57B35E655}") = "GPRO_XML", "GPRO_XML\GPRO_XML.dtproj", "{C0C5D66C-4728-498A-8D08-257C411600AF}"
EndProject
Global
	GlobalSection(SolutionConfigurationPlatforms) = preSolution
		Development|Default = Development|Default
	EndGlobalSection
	GlobalSection(ProjectConfigurationPlatforms) = postSolution
		{C0C5D66C-4728-498A-8D08-257C411600AF}.Development|Default.ActiveCfg = Development
		{C0C5D66C-4728-498A-8D08-257C411600AF}.Development|Default.Build.0 = Development
	EndGlobalSection
	GlobalSection(SolutionProperties) = preSolution
		HideSolutionNode = FALSE
	EndGlobalSection
EndGlobal
